
Microsoft Visual Studio Solution File, Format Version 12.00
# Visual Studio 15
VisualStudioVersion = 15.0.28307.489
MinimumVisualStudioVersion = 10.0.40219.1
Project("{FAE04EC0-301F-11D3-BF4B-00C04F79EFBC}") = "SivikProjects", "SivikProjects\SivikProjects.csproj", "{7098E39A-5679-4252-BC09-55B438605ADE}"
EndProject
Global
	GlobalSection(SolutionConfigurationPlatforms) = preSolution
		Debug|Any CPU = Debug|Any CPU
		Release|Any CPU = Release|Any CPU
	EndGlobalSection
	GlobalSection(ProjectConfigurationPlatforms) = postSolution
		{7098E39A-5679-4252-BC09-55B438605ADE}.Debug|Any CPU.ActiveCfg = Debug|Any CPU
		{7098E39A-5679-4252-BC09-55B438605ADE}.Debug|Any CPU.Build.0 = Debug|Any CPU
		{7098E39A-5679-4252-BC09-55B438605ADE}.Release|Any CPU.ActiveCfg = Release|Any CPU
		{7098E39A-5679-4252-BC09-55B438605ADE}.Release|Any CPU.Build.0 = Release|Any CPU
	EndGlobalSection
	GlobalSection(SolutionProperties) = preSolution
		HideSolutionNode = FALSE
	EndGlobalSection
	GlobalSection(ExtensibilityGlobals) = postSolution
		SolutionGuid = {BDC0D2DE-B0F1-45F2-8125-65BE55537F6C}
	EndGlobalSection
EndGlobal
